
Microsoft Visual Studio Solution File, Format Version 12.00
# Visual Studio Version 17
VisualStudioVersion = 17.4.33122.133
MinimumVisualStudioVersion = 10.0.40219.1
Project("{FAE04EC0-301F-11D3-BF4B-00C04F79EFBC}") = "XPha.Android", "XPha\XPha.Android\XPha.Android.csproj", "{3A6B9600-5AAE-4518-969F-E5C8A58946E3}"
EndProject
Project("{FAE04EC0-301F-11D3-BF4B-00C04F79EFBC}") = "XPha", "XPha\XPha\XPha.csproj", "{6F07E147-27A8-4C72-AA3D-5A464DF79564}"
EndProject
Global
	GlobalSection(SolutionConfigurationPlatforms) = preSolution
		Debug|Any CPU = Debug|Any CPU
		Release|Any CPU = Release|Any CPU
	EndGlobalSection
	GlobalSection(ProjectConfigurationPlatforms) = postSolution
		{3A6B9600-5AAE-4518-969F-E5C8A58946E3}.Debug|Any CPU.ActiveCfg = Debug|Any CPU
		{3A6B9600-5AAE-4518-969F-E5C8A58946E3}.Debug|Any CPU.Build.0 = Debug|Any CPU
		{3A6B9600-5AAE-4518-969F-E5C8A58946E3}.Debug|Any CPU.Deploy.0 = Debug|Any CPU
		{3A6B9600-5AAE-4518-969F-E5C8A58946E3}.Release|Any CPU.ActiveCfg = Release|Any CPU
		{3A6B9600-5AAE-4518-969F-E5C8A58946E3}.Release|Any CPU.Build.0 = Release|Any CPU
		{3A6B9600-5AAE-4518-969F-E5C8A58946E3}.Release|Any CPU.Deploy.0 = Release|Any CPU
		{6F07E147-27A8-4C72-AA3D-5A464DF79564}.Debug|Any CPU.ActiveCfg = Debug|Any CPU
		{6F07E147-27A8-4C72-AA3D-5A464DF79564}.Debug|Any CPU.Build.0 = Debug|Any CPU
		{6F07E147-27A8-4C72-AA3D-5A464DF79564}.Debug|Any CPU.Deploy.0 = Debug|Any CPU
		{6F07E147-27A8-4C72-AA3D-5A464DF79564}.Release|Any CPU.ActiveCfg = Release|Any CPU
		{6F07E147-27A8-4C72-AA3D-5A464DF79564}.Release|Any CPU.Build.0 = Release|Any CPU
		{6F07E147-27A8-4C72-AA3D-5A464DF79564}.Release|Any CPU.Deploy.0 = Release|Any CPU
	EndGlobalSection
	GlobalSection(SolutionProperties) = preSolution
		HideSolutionNode = FALSE
	EndGlobalSection
	GlobalSection(ExtensibilityGlobals) = postSolution
		SolutionGuid = {C72D42B8-140E-4CF5-9F3B-B01298369D34}
	EndGlobalSection
EndGlobal
